<?xml version="1.0" encoding="utf-8"?>
<Project ToolsVersion="4.0" xmlns="http://schemas.microsoft.com/developer/msbuild/2003">
  <ItemGroup>
    <Filter Include="Source Files">
      <UniqueIdentifier>{4FC737F1-C7A5-4376-A066-2A32D752A2FF}</UniqueIdentifier>
      <Extensions>cpp;c;cc;cxx;def;odl;idl;hpj;bat;asm;asmx</Extensions>
    </Filter>
    <Filter Include="Header Files">
      <UniqueIdentifier>{93995380-89BD-4b04-88EB-625FBE52EBFB}</UniqueIdentifier>
      <Extensions>h;hh;hpp;hxx;hm;inl;inc;xsd</Extensions>
    </Filter>
    <Filter Include="Resource Files">
      <UniqueIdentifier>{67DA6AB6-F800-4c08-8B7A-83BB121AAD01}</UniqueIdentifier>
      <Extensions>rc;ico;cur;bmp;dlg;rc2;rct;bin;rgs;gif;jpg;jpeg;jpe;resx;tiff;tif;png;wav;mfcribbon-ms</Extensions>
    </Filter>
    <Filter Include="Header Files\Cef3Control">
      <UniqueIdentifier>{344ec0f3-fcfe-489c-928d-88b305fbab9d}</UniqueIdentifier>
    </Filter>
    <Filter Include="Source Files\Cef3Control">
      <UniqueIdentifier>{59609a73-0007-49ef-b760-acc83978d1d2}</UniqueIdentifier>
    </Filter>
    <Filter Include="Header Files\Dialog">
      <UniqueIdentifier>{fb70be92-d545-46bc-a48e-8f4316b43643}</UniqueIdentifier>
    </Filter>
  </ItemGroup>
  <ItemGroup>
    <Text Include="ReadMe.txt" />
  </ItemGroup>
  <ItemGroup>
    <ClInclude Include="stdafx.h">
      <Filter>Header Files</Filter>
    </ClInclude>
    <ClInclude Include="targetver.h">
      <Filter>Header Files</Filter>
    </ClInclude>
    <ClInclude Include="Resource.h">
      <Filter>Header Files</Filter>
    </ClInclude>
    <ClInclude Include="BrowserManage.h">
      <Filter>Header Files\Cef3Control</Filter>
    </ClInclude>
    <ClInclude Include="EventManage.h">
      <Filter>Header Files\Cef3Control</Filter>
    </ClInclude>
    <ClInclude Include="CefUtils.h">
      <Filter>Header Files\Cef3Control</Filter>
    </ClInclude>
    <ClInclude Include="CEFTempWnd.h">
      <Filter>Header Files\Cef3Control</Filter>
    </ClInclude>
    <ClInclude Include="CefIconDown.h">
      <Filter>Header Files\Cef3Control</Filter>
    </ClInclude>
    <ClInclude Include="CefClientHandler.h">
      <Filter>Header Files\Cef3Control</Filter>
    </ClInclude>
    <ClInclude Include="CefClientApp.h">
      <Filter>Header Files\Cef3Control</Filter>
    </ClInclude>
    <ClInclude Include="CEFBrowserUI.h">
      <Filter>Header Files\Cef3Control</Filter>
    </ClInclude>
    <ClInclude Include="MainFrame.h">
      <Filter>Header Files\Dialog</Filter>
    </ClInclude>
    <ClInclude Include="UIDefine.h">
      <Filter>Header Files\Dialog</Filter>
    </ClInclude>
    <ClInclude Include="WindowShadow.h">
      <Filter>Header Files\Dialog</Filter>
    </ClInclude>
  </ItemGroup>
  <ItemGroup>
    <ClCompile Include="stdafx.cpp">
      <Filter>Source Files</Filter>
    </ClCompile>
    <ClCompile Include="BrowserManage.cpp">
      <Filter>Source Files\Cef3Control</Filter>
    </ClCompile>
    <ClCompile Include="CEFBrowserUI.cpp">
      <Filter>Source Files\Cef3Control</Filter>
    </ClCompile>
    <ClCompile Include="CefClientApp.cpp">
      <Filter>Source Files\Cef3Control</Filter>
    </ClCompile>
    <ClCompile Include="CefClientHandler.cpp">
      <Filter>Source Files\Cef3Control</Filter>
    </ClCompile>
    <ClCompile Include="CefIconDown.cpp">
      <Filter>Source Files\Cef3Control</Filter>
    </ClCompile>
    <ClCompile Include="CEFTempWnd.cpp">
      <Filter>Source Files\Cef3Control</Filter>
    </ClCompile>
    <ClCompile Include="CefUtils.cpp">
      <Filter>Source Files\Cef3Control</Filter>
    </ClCompile>
    <ClCompile Include="EventManage.cpp">
      <Filter>Source Files\Cef3Control</Filter>
    </ClCompile>
    <ClCompile Include="MainFrame.cpp">
      <Filter>Header Files\Dialog</Filter>
    </ClCompile>
    <ClCompile Include="WindowShadow.cpp">
      <Filter>Header Files\Dialog</Filter>
    </ClCompile>
    <ClCompile Include="Main.cpp">
      <Filter>Source Files</Filter>
    </ClCompile>
  </ItemGroup>
  <ItemGroup>
    <ResourceCompile Include="CEFBrowser.rc">
      <Filter>Resource Files</Filter>
    </ResourceCompile>
  </ItemGroup>
  <ItemGroup>
    <Image Include="small.ico">
      <Filter>Resource Files</Filter>
    </Image>
    <Image Include="CEFBrowser.ico">
      <Filter>Resource Files</Filter>
    </Image>
    <Image Include="..\..\XF.png">
      <Filter>Resource Files</Filter>
    </Image>
    <Image Include="XF.ico">
      <Filter>Resource Files</Filter>
    </Image>
  </ItemGroup>
</Project>